{
  "version": 4,
  "terraform_version": "0.15.1",
  "serial": 1,
  "lineage": "a09e0e5a-7074-a57d-e025-c1147e879ece",
  "outputs": {},
  "resources": [
    {
      "mode": "managed",
      "type": "google_compute_instance",
      "name": "default",
      "provider": "provider[\"registry.terraform.io/hashicorp/google\"]",
      "instances": [
        {
          "schema_version": 6,
          "attributes": {
            "allow_stopping_for_update": null,
            "attached_disk": [],
            "boot_disk": [
              {
                "auto_delete": true,
                "device_name": "persistent-disk-0",
                "disk_encryption_key_raw": "",
                "disk_encryption_key_sha256": "",
                "initialize_params": [
                  {
                    "image": "https://www.googleapis.com/compute/v1/projects/debian-cloud/global/images/debian-9-stretch-v20210420",
                    "labels": {},
                    "size": 10,
                    "type": "pd-standard"
                  }
                ],
                "kms_key_self_link": "",
                "mode": "READ_WRITE",
                "source": "https://www.googleapis.com/compute/v1/projects/concise-rex-312602/zones/us-west1-a/disks/demo-terraform2-194a7de826be8b8f"
              }
            ],
            "can_ip_forward": false,
            "confidential_instance_config": [],
            "cpu_platform": "Intel Broadwell",
            "current_status": "RUNNING",
            "deletion_protection": false,
            "description": "",
            "desired_status": null,
            "enable_display": false,
            "guest_accelerator": [],
            "hostname": "",
            "id": "projects/concise-rex-312602/zones/us-west1-a/instances/demo-terraform2-194a7de826be8b8f",
            "instance_id": "2378096701763363204",
            "label_fingerprint": "42WmSpB8rSM=",
            "labels": {},
            "machine_type": "f1-micro",
            "metadata": {
              "ssh-keys": "200714432lh:---- BEGIN SSH2 PUBLIC KEY ----\r\nComment: \"200714432lh\"\r\nAAAAB3NzaC1yc2EAAAABJQAAAQEAl6RMmM+ym/n/xDw9oBU4FsXcFnKz0wBWnwQ+\r\nxp5Hc8/4ccR/R0CF4U3jA/xa8UAAvQNDAgJIKdkdX2yxIkmiC1MWbuUBXCe0mEsm\r\nTq8BFIGQ7oeKjaEip+w9T11KB2JvU2WZwTbEFK2qz3EUfVJB+a1IsDqem2VxNyK9\r\nFU1gmOo69PWkoXB6xIw78puILZ1E/q7+mU561fpdAPr+5li7gEyw7guQ5hiuiR7/\r\nQmEHOJCEpQMkp3AjW2hdqj4RLw7I9S5f1BRj5N10KDA2mryr/WgH8SGq3A+uQ3fk\r\nG820367wauT37qH60bAcNQU/y05rFvdXdezR24RB2tvjFNL8PQ==\r\n---- END SSH2 PUBLIC KEY ----\r\n"
            },
            "metadata_fingerprint": "oxkZlA8iI4c=",
            "metadata_startup_script": "sudo apt-get update; sudo apt-get install -yq build-essential python-pip rsync; pip install flask",
            "min_cpu_platform": "",
            "name": "demo-terraform2-194a7de826be8b8f",
            "network_interface": [
              {
                "access_config": [
                  {
                    "nat_ip": "35.230.52.59",
                    "network_tier": "PREMIUM",
                    "public_ptr_domain_name": ""
                  }
                ],
                "alias_ip_range": [],
                "name": "nic0",
                "network": "https://www.googleapis.com/compute/v1/projects/concise-rex-312602/global/networks/default",
                "network_ip": "10.138.0.4",
                "nic_type": "",
                "subnetwork": "https://www.googleapis.com/compute/v1/projects/concise-rex-312602/regions/us-west1/subnetworks/default",
                "subnetwork_project": "concise-rex-312602"
              }
            ],
            "project": "concise-rex-312602",
            "resource_policies": [],
            "scheduling": [
              {
                "automatic_restart": true,
                "min_node_cpus": 0,
                "node_affinities": [],
                "on_host_maintenance": "MIGRATE",
                "preemptible": false
              }
            ],
            "scratch_disk": [],
            "self_link": "https://www.googleapis.com/compute/v1/projects/concise-rex-312602/zones/us-west1-a/instances/demo-terraform2-194a7de826be8b8f",
            "service_account": [],
            "shielded_instance_config": [],
            "tags": [],
            "tags_fingerprint": "42WmSpB8rSM=",
            "timeouts": {
              "create": null,
              "delete": null,
              "update": null
            },
            "zone": "us-west1-a"
          },
          "sensitive_attributes": [],
          "private": "eyJlMmJmYjczMC1lY2FhLTExZTYtOGY4OC0zNDM2M2JjN2M0YzAiOnsiY3JlYXRlIjoxMjAwMDAwMDAwMDAwLCJkZWxldGUiOjEyMDAwMDAwMDAwMDAsInVwZGF0ZSI6MTIwMDAwMDAwMDAwMH0sInNjaGVtYV92ZXJzaW9uIjoiNiJ9"
        }
      ]
    }
  ]
}
